
Microsoft Visual Studio Solution File, Format Version 12.00
# Visual Studio Version 17
VisualStudioVersion = 17.3.32922.545
MinimumVisualStudioVersion = 10.0.40219.1
Project("{FAE04EC0-301F-11D3-BF4B-00C04F79EFBC}") = "DocumentService", "DocumentService\DocumentService.csproj", "{450AA201-CD0C-43B5-95C6-49BA6F4E1A9B}"
EndProject
Project("{FAE04EC0-301F-11D3-BF4B-00C04F79EFBC}") = "DocumentServiceTests", "DocumentServiceTests\DocumentServiceTests.csproj", "{D39453DF-2658-4DD2-9463-A6EF2638A7DC}"
EndProject
Global
	GlobalSection(SolutionConfigurationPlatforms) = preSolution
		Debug|Any CPU = Debug|Any CPU
		Release|Any CPU = Release|Any CPU
	EndGlobalSection
	GlobalSection(ProjectConfigurationPlatforms) = postSolution
		{450AA201-CD0C-43B5-95C6-49BA6F4E1A9B}.Debug|Any CPU.ActiveCfg = Debug|Any CPU
		{450AA201-CD0C-43B5-95C6-49BA6F4E1A9B}.Debug|Any CPU.Build.0 = Debug|Any CPU
		{450AA201-CD0C-43B5-95C6-49BA6F4E1A9B}.Release|Any CPU.ActiveCfg = Release|Any CPU
		{450AA201-CD0C-43B5-95C6-49BA6F4E1A9B}.Release|Any CPU.Build.0 = Release|Any CPU
		{D39453DF-2658-4DD2-9463-A6EF2638A7DC}.Debug|Any CPU.ActiveCfg = Debug|Any CPU
		{D39453DF-2658-4DD2-9463-A6EF2638A7DC}.Debug|Any CPU.Build.0 = Debug|Any CPU
		{D39453DF-2658-4DD2-9463-A6EF2638A7DC}.Release|Any CPU.ActiveCfg = Release|Any CPU
		{D39453DF-2658-4DD2-9463-A6EF2638A7DC}.Release|Any CPU.Build.0 = Release|Any CPU
	EndGlobalSection
	GlobalSection(SolutionProperties) = preSolution
		HideSolutionNode = FALSE
	EndGlobalSection
	GlobalSection(ExtensibilityGlobals) = postSolution
		SolutionGuid = {3262A940-3B5F-429F-AB4D-AE7917074166}
	EndGlobalSection
EndGlobal
